NeoBundleLock ctrlp.vim bde7a2950adaa82e894d7bdf69e3e7383e40d229
NeoBundleLock neobundle.vim 4c9a273fd085db60368b3f0fe5a4f2acf2c121df
NeoBundleLock neosnippet-snippets 63c9182d34a618f8dfc22d7c2a3f4ffe3d7101ef
NeoBundleLock neosnippet.vim 0e829d51b1342eb34cd07d2a15f0e49ebe4a5335
NeoBundleLock nerdtree 5782b228e495c733af4ba2e547e5dc44ebc8bc25
NeoBundleLock nerdtree-git-plugin 6a9b3122cb89b3a45ec444f9787a895125aca8aa
NeoBundleLock vim-colorschemes eab315701f4627967fd62582eefc4e37a3745786
NeoBundleLock vim-devicons 153266275acc4f4615407a18e90f58780ebaef92
NeoBundleLock vim-fugitive 8f60d1d459362771cb68c0097565efdf52e62ec3
NeoBundleLock vim-nerdtree-syntax-highlight 30dcd52f2cda981555f2d83e1a9ff876e7715f49
NeoBundleLock vimshell 3787e52766812d8b99a93ccdda57517bc2a0bab6
